// !$*UTF8*$!
{
	archiveVersion = 1;
	classes = {
	};
	objectVersion = 48;
	objects = {

/* Begin PBXBuildFile section */
		3D19D9531FF8E73400B5BB9E /* AppDelegate.swift in Sources */ = {isa = PBXBuildFile; fileRef = 3D19D9521FF8E73400B5BB9E /* AppDelegate.swift */; };
		3D19D9551FF8E73400B5BB9E /* ViewController.swift in Sources */ = {isa = PBXBuildFile; fileRef = 3D19D9541FF8E73400B5BB9E /* ViewController.swift */; };
		3D19D9581FF8E73400B5BB9E /* Main.storyboard in Resources */ = {isa = PBXBuildFile; fileRef = 3D19D9561FF8E73400B5BB9E /* Main.storyboard */; };
		3D19D95A1FF8E73400B5BB9E /* Assets.xcassets in Resources */ = {isa = PBXBuildFile; fileRef = 3D19D9591FF8E73400B5BB9E /* Assets.xcassets */; };
		3D19D95D1FF8E73400B5BB9E /* LaunchScreen.storyboard in Resources */ = {isa = PBXBuildFile; fileRef = 3D19D95B1FF8E73400B5BB9E /* LaunchScreen.storyboard */; };
		3D19D9681FF8E73400B5BB9E /* Auto_Layout_CalculatorTests.swift in Sources */ = {isa = PBXBuildFile; fileRef = 3D19D9671FF8E73400B5BB9E /* Auto_Layout_CalculatorTests.swift */; };
		3D19D9731FF8E73400B5BB9E /* Auto_Layout_CalculatorUITests.swift in Sources */ = {isa = PBXBuildFile; fileRef = 3D19D9721FF8E73400B5BB9E /* Auto_Layout_CalculatorUITests.swift */; };
/* End PBXBuildFile section */

/* Begin PBXContainerItemProxy section */
		3D19D9641FF8E73400B5BB9E /* PBXContainerItemProxy */ = {
			isa = PBXContainerItemProxy;
			containerPortal = 3D19D9471FF8E73400B5BB9E /* Project object */;
			proxyType = 1;
			remoteGlobalIDString = 3D19D94E1FF8E73400B5BB9E;
			remoteInfo = "Auto Layout Calculator";
		};
		3D19D96F1FF8E73400B5BB9E /* PBXContainerItemProxy */ = {
			isa = PBXContainerItemProxy;
			containerPortal = 3D19D9471FF8E73400B5BB9E /* Project object */;
			proxyType = 1;
			remoteGlobalIDString = 3D19D94E1FF8E73400B5BB9E;
			remoteInfo = "Auto Layout Calculator";
		};
/* End PBXContainerItemProxy section */

/* Begin PBXFileReference section */
		3D19D94F1FF8E73400B5BB9E /* Auto Layout Calculator.app */ = {isa = PBXFileReference; explicitFileType = wrapper.application; includeInIndex = 0; path = "Auto Layout Calculator.app"; sourceTree = BUILT_PRODUCTS_DIR; };
		3D19D9521FF8E73400B5BB9E /* AppDelegate.swift */ = {isa = PBXFileReference; lastKnownFileType = sourcecode.swift; path = AppDelegate.swift; sourceTree = "<group>"; };
		3D19D9541FF8E73400B5BB9E /* ViewController.swift */ = {isa = PBXFileReference; lastKnownFileType = sourcecode.swift; path = ViewController.swift; sourceTree = "<group>"; };
		3D19D9571FF8E73400B5BB9E /* Base */ = {isa = PBXFileReference; lastKnownFileType = file.storyboard; name = Base; path = Base.lproj/Main.storyboard; sourceTree = "<group>"; };
		3D19D9591FF8E73400B5BB9E /* Assets.xcassets */ = {isa = PBXFileReference; lastKnownFileType = folder.assetcatalog; path = Assets.xcassets; sourceTree = "<group>"; };
		3D19D95C1FF8E73400B5BB9E /* Base */ = {isa = PBXFileReference; lastKnownFileType = file.storyboard; name = Base; path = Base.lproj/LaunchScreen.storyboard; sourceTree = "<group>"; };
		3D19D95E1FF8E73400B5BB9E /* Info.plist */ = {isa = PBXFileReference; lastKnownFileType = text.plist.xml; path = Info.plist; sourceTree = "<group>"; };
		3D19D9631FF8E73400B5BB9E /* Auto Layout CalculatorTests.xctest */ = {isa = PBXFileReference; explicitFileType = wrapper.cfbundle; includeInIndex = 0; path = "Auto Layout CalculatorTests.xctest"; sourceTree = BUILT_PRODUCTS_DIR; };
		3D19D9671FF8E73400B5BB9E /* Auto_Layout_CalculatorTests.swift */ = {isa = PBXFileReference; lastKnownFileType = sourcecode.swift; path = Auto_Layout_CalculatorTests.swift; sourceTree = "<group>"; };
		3D19D9691FF8E73400B5BB9E /* Info.plist */ = {isa = PBXFileReference; lastKnownFileType = text.plist.xml; path = Info.plist; sourceTree = "<group>"; };
		3D19D96E1FF8E73400B5BB9E /* Auto Layout CalculatorUITests.xctest */ = {isa = PBXFileReference; explicitFileType = wrapper.cfbundle; includeInIndex = 0; path = "Auto Layout CalculatorUITests.xctest"; sourceTree = BUILT_PRODUCTS_DIR; };
		3D19D9721FF8E73400B5BB9E /* Auto_Layout_CalculatorUITests.swift */ = {isa = PBXFileReference; lastKnownFileType = sourcecode.swift; path = Auto_Layout_CalculatorUITests.swift; sourceTree = "<group>"; };
		3D19D9741FF8E73400B5BB9E /* Info.plist */ = {isa = PBXFileReference; lastKnownFileType = text.plist.xml; path = Info.plist; sourceTree = "<group>"; };
/* End PBXFileReference section */

/* Begin PBXFrameworksBuildPhase section */
		3D19D94C1FF8E73400B5BB9E /* Frameworks */ = {
			isa = PBXFrameworksBuildPhase;
			buildActionMask = 2147483647;
			files = (
			);
			runOnlyForDeploymentPostprocessing = 0;
		};
		3D19D9601FF8E73400B5BB9E /* Frameworks */ = {
			isa = PBXFrameworksBuildPhase;
			buildActionMask = 2147483647;
			files = (
			);
			runOnlyForDeploymentPostprocessing = 0;
		};
		3D19D96B1FF8E73400B5BB9E /* Frameworks */ = {
			isa = PBXFrameworksBuildPhase;
			buildActionMask = 2147483647;
			files = (
			);
			runOnlyForDeploymentPostprocessing = 0;
		};
/* End PBXFrameworksBuildPhase section */

/* Begin PBXGroup section */
		3D19D9461FF8E73400B5BB9E = {
			isa = PBXGroup;
			children = (
				3D19D9511FF8E73400B5BB9E /* Auto Layout Calculator */,
				3D19D9661FF8E73400B5BB9E /* Auto Layout CalculatorTests */,
				3D19D9711FF8E73400B5BB9E /* Auto Layout CalculatorUITests */,
				3D19D9501FF8E73400B5BB9E /* Products */,
			);
			sourceTree = "<group>";
		};
		3D19D9501FF8E73400B5BB9E /* Products */ = {
			isa = PBXGroup;
			children = (
				3D19D94F1FF8E73400B5BB9E /* Auto Layout Calculator.app */,
				3D19D9631FF8E73400B5BB9E /* Auto Layout CalculatorTests.xctest */,
				3D19D96E1FF8E73400B5BB9E /* Auto Layout CalculatorUITests.xctest */,
			);
			name = Products;
			sourceTree = "<group>";
		};
		3D19D9511FF8E73400B5BB9E /* Auto Layout Calculator */ = {
			isa = PBXGroup;
			children = (
				3D19D9521FF8E73400B5BB9E /* AppDelegate.swift */,
				3D19D9541FF8E73400B5BB9E /* ViewController.swift */,
				3D19D9561FF8E73400B5BB9E /* Main.storyboard */,
				3D19D9591FF8E73400B5BB9E /* Assets.xcassets */,
				3D19D95B1FF8E73400B5BB9E /* LaunchScreen.storyboard */,
				3D19D95E1FF8E73400B5BB9E /* Info.plist */,
			);
			path = "Auto Layout Calculator";
			sourceTree = "<group>";
		};
		3D19D9661FF8E73400B5BB9E /* Auto Layout CalculatorTests */ = {
			isa = PBXGroup;
			children = (
				3D19D9671FF8E73400B5BB9E /* Auto_Layout_CalculatorTests.swift */,
				3D19D9691FF8E73400B5BB9E /* Info.plist */,
			);
			path = "Auto Layout CalculatorTests";
			sourceTree = "<group>";
		};
		3D19D9711FF8E73400B5BB9E /* Auto Layout CalculatorUITests */ = {
			isa = PBXGroup;
			children = (
				3D19D9721FF8E73400B5BB9E /* Auto_Layout_CalculatorUITests.swift */,
				3D19D9741FF8E73400B5BB9E /* Info.plist */,
			);
			path = "Auto Layout CalculatorUITests";
			sourceTree = "<group>";
		};
/* End PBXGroup section */

/* Begin PBXNativeTarget section */
		3D19D94E1FF8E73400B5BB9E /* Auto Layout Calculator */ = {
			isa = PBXNativeTarget;
			buildConfigurationList = 3D19D9771FF8E73400B5BB9E /* Build configuration list for PBXNativeTarget "Auto Layout Calculator" */;
			buildPhases = (
				3D19D94B1FF8E73400B5BB9E /* Sources */,
				3D19D94C1FF8E73400B5BB9E /* Frameworks */,
				3D19D94D1FF8E73400B5BB9E /* Resources */,
			);
			buildRules = (
			);
			dependencies = (
			);
			name = "Auto Layout Calculator";
			productName = "Auto Layout Calculator";
			productReference = 3D19D94F1FF8E73400B5BB9E /* Auto Layout Calculator.app */;
			productType = "com.apple.product-type.application";
		};
		3D19D9621FF8E73400B5BB9E /* Auto Layout CalculatorTests */ = {
			isa = PBXNativeTarget;
			buildConfigurationList = 3D19D97A1FF8E73400B5BB9E /* Build configuration list for PBXNativeTarget "Auto Layout CalculatorTests" */;
			buildPhases = (
				3D19D95F1FF8E73400B5BB9E /* Sources */,
				3D19D9601FF8E73400B5BB9E /* Frameworks */,
				3D19D9611FF8E73400B5BB9E /* Resources */,
			);
			buildRules = (
			);
			dependencies = (
				3D19D9651FF8E73400B5BB9E /* PBXTargetDependency */,
			);
			name = "Auto Layout CalculatorTests";
			productName = "Auto Layout CalculatorTests";
			productReference = 3D19D9631FF8E73400B5BB9E /* Auto Layout CalculatorTests.xctest */;
			productType = "com.apple.product-type.bundle.unit-test";
		};
		3D19D96D1FF8E73400B5BB9E /* Auto Layout CalculatorUITests */ = {
			isa = PBXNativeTarget;
			buildConfigurationList = 3D19D97D1FF8E73400B5BB9E /* Build configuration list for PBXNativeTarget "Auto Layout CalculatorUITests" */;
			buildPhases = (
				3D19D96A1FF8E73400B5BB9E /* Sources */,
				3D19D96B1FF8E73400B5BB9E /* Frameworks */,
				3D19D96C1FF8E73400B5BB9E /* Resources */,
			);
			buildRules = (
			);
			dependencies = (
				3D19D9701FF8E73400B5BB9E /* PBXTargetDependency */,
			);
			name = "Auto Layout CalculatorUITests";
			productName = "Auto Layout CalculatorUITests";
			productReference = 3D19D96E1FF8E73400B5BB9E /* Auto Layout CalculatorUITests.xctest */;
			productType = "com.apple.product-type.bundle.ui-testing";
		};
/* End PBXNativeTarget section */

/* Begin PBXProject section */
		3D19D9471FF8E73400B5BB9E /* Project object */ = {
			isa = PBXProject;
			attributes = {
				LastSwiftUpdateCheck = 0910;
				LastUpgradeCheck = 0910;
				ORGANIZATIONNAME = rjmendus;
				TargetAttributes = {
					3D19D94E1FF8E73400B5BB9E = {
						CreatedOnToolsVersion = 9.1;
						ProvisioningStyle = Automatic;
					};
					3D19D9621FF8E73400B5BB9E = {
						CreatedOnToolsVersion = 9.1;
						ProvisioningStyle = Automatic;
						TestTargetID = 3D19D94E1FF8E73400B5BB9E;
					};
					3D19D96D1FF8E73400B5BB9E = {
						CreatedOnToolsVersion = 9.1;
						ProvisioningStyle = Automatic;
						TestTargetID = 3D19D94E1FF8E73400B5BB9E;
					};
				};
			};
			buildConfigurationList = 3D19D94A1FF8E73400B5BB9E /* Build configuration list for PBXProject "Auto Layout Calculator" */;
			compatibilityVersion = "Xcode 8.0";
			developmentRegion = en;
			hasScannedForEncodings = 0;
			knownRegions = (
				en,
				Base,
			);
			mainGroup = 3D19D9461FF8E73400B5BB9E;
			productRefGroup = 3D19D9501FF8E73400B5BB9E /* Products */;
			projectDirPath = "";
			projectRoot = "";
			targets = (
				3D19D94E1FF8E73400B5BB9E /* Auto Layout Calculator */,
				3D19D9621FF8E73400B5BB9E /* Auto Layout CalculatorTests */,
				3D19D96D1FF8E73400B5BB9E /* Auto Layout CalculatorUITests */,
			);
		};
/* End PBXProject section */

/* Begin PBXResourcesBuildPhase section */
		3D19D94D1FF8E73400B5BB9E /* Resources */ = {
			isa = PBXResourcesBuildPhase;
			buildActionMask = 2147483647;
			files = (
				3D19D95D1FF8E73400B5BB9E /* LaunchScreen.storyboard in Resources */,
				3D19D95A1FF8E73400B5BB9E /* Assets.xcassets in Resources */,
				3D19D9581FF8E73400B5BB9E /* Main.storyboard in Resources */,
			);
			runOnlyForDeploymentPostprocessing = 0;
		};
		3D19D9611FF8E73400B5BB9E /* Resources */ = {
			isa = PBXResourcesBuildPhase;
			buildActionMask = 2147483647;
			files = (
			);
			runOnlyForDeploymentPostprocessing = 0;
		};
		3D19D96C1FF8E73400B5BB9E /* Resources */ = {
			isa = PBXResourcesBuildPhase;
			buildActionMask = 2147483647;
			files = (
			);
			runOnlyForDeploymentPostprocessing = 0;
		};
/* End PBXResourcesBuildPhase section */

/* Begin PBXSourcesBuildPhase section */
		3D19D94B1FF8E73400B5BB9E /* Sources */ = {
			isa = PBXSourcesBuildPhase;
			buildActionMask = 2147483647;
			files = (
				3D19D9551FF8E73400B5BB9E /* ViewController.swift in Sources */,
				3D19D9531FF8E73400B5BB9E /* AppDelegate.swift in Sources */,
			);
			runOnlyForDeploymentPostprocessing = 0;
		};
		3D19D95F1FF8E73400B5BB9E /* Sources */ = {
			isa = PBXSourcesBuildPhase;
			buildActionMask = 2147483647;
			files = (
				3D19D9681FF8E73400B5BB9E /* Auto_Layout_CalculatorTests.swift in Sources */,
			);
			runOnlyForDeploymentPostprocessing = 0;
		};
		3D19D96A1FF8E73400B5BB9E /* Sources */ = {
			isa = PBXSourcesBuildPhase;
			buildActionMask = 2147483647;
			files = (
				3D19D9731FF8E73400B5BB9E /* Auto_Layout_CalculatorUITests.swift in Sources */,
			);
			runOnlyForDeploymentPostprocessing = 0;
		};
/* End PBXSourcesBuildPhase section */

/* Begin PBXTargetDependency section */
		3D19D9651FF8E73400B5BB9E /* PBXTargetDependency */ = {
			isa = PBXTargetDependency;
			target = 3D19D94E1FF8E73400B5BB9E /* Auto Layout Calculator */;
			targetProxy = 3D19D9641FF8E73400B5BB9E /* PBXContainerItemProxy */;
		};
		3D19D9701FF8E73400B5BB9E /* PBXTargetDependency */ = {
			isa = PBXTargetDependency;
			target = 3D19D94E1FF8E73400B5BB9E /* Auto Layout Calculator */;
			targetProxy = 3D19D96F1FF8E73400B5BB9E /* PBXContainerItemProxy */;
		};
/* End PBXTargetDependency section */

/* Begin PBXVariantGroup section */
		3D19D9561FF8E73400B5BB9E /* Main.storyboard */ = {
			isa = PBXVariantGroup;
			children = (
				3D19D9571FF8E73400B5BB9E /* Base */,
			);
			name = Main.storyboard;
			sourceTree = "<group>";
		};
		3D19D95B1FF8E73400B5BB9E /* LaunchScreen.storyboard */ = {
			isa = PBXVariantGroup;
			children = (
				3D19D95C1FF8E73400B5BB9E /* Base */,
			);
			name = LaunchScreen.storyboard;
			sourceTree = "<group>";
		};
/* End PBXVariantGroup section */

/* Begin XCBuildConfiguration section */
		3D19D9751FF8E73400B5BB9E /* Debug */ = {
			isa = XCBuildConfiguration;
			buildSettings = {
				ALWAYS_SEARCH_USER_PATHS = NO;
				CLANG_ANALYZER_NONNULL = YES;
				CLANG_ANALYZER_NUMBER_OBJECT_CONVERSION = YES_AGGRESSIVE;
				CLANG_CXX_LANGUAGE_STANDARD = "gnu++14";
				CLANG_CXX_LIBRARY = "libc++";
				CLANG_ENABLE_MODULES = YES;
				CLANG_ENABLE_OBJC_ARC = YES;
				CLANG_WARN_BLOCK_CAPTURE_AUTORELEASING = YES;
				CLANG_WARN_BOOL_CONVERSION = YES;
				CLANG_WARN_COMMA = YES;
				CLANG_WARN_CONSTANT_CONVERSION = YES;
				CLANG_WARN_DIRECT_OBJC_ISA_USAGE = YES_ERROR;
				CLANG_WARN_DOCUMENTATION_COMMENTS = YES;
				CLANG_WARN_EMPTY_BODY = YES;
				CLANG_WARN_ENUM_CONVERSION = YES;
				CLANG_WARN_INFINITE_RECURSION = YES;
				CLANG_WARN_INT_CONVERSION = YES;
				CLANG_WARN_NON_LITERAL_NULL_CONVERSION = YES;
				CLANG_WARN_OBJC_LITERAL_CONVERSION = YES;
				CLANG_WARN_OBJC_ROOT_CLASS = YES_ERROR;
				CLANG_WARN_RANGE_LOOP_ANALYSIS = YES;
				CLANG_WARN_STRICT_PROTOTYPES = YES;
				CLANG_WARN_SUSPICIOUS_MOVE = YES;
				CLANG_WARN_UNGUARDED_AVAILABILITY = YES_AGGRESSIVE;
				CLANG_WARN_UNREACHABLE_CODE = YES;
				CLANG_WARN__DUPLICATE_METHOD_MATCH = YES;
				CODE_SIGN_IDENTITY = "iPhone Developer";
				COPY_PHASE_STRIP = NO;
				DEBUG_INFORMATION_FORMAT = dwarf;
				ENABLE_STRICT_OBJC_MSGSEND = YES;
				ENABLE_TESTABILITY = YES;
				GCC_C_LANGUAGE_STANDARD = gnu11;
				GCC_DYNAMIC_NO_PIC = NO;
				GCC_NO_COMMON_BLOCKS = YES;
				GCC_OPTIMIZATION_LEVEL = 0;
				GCC_PREPROCESSOR_DEFINITIONS = (
					"DEBUG=1",
					"$(inherited)",
				);
				GCC_WARN_64_TO_32_BIT_CONVERSION = YES;
				GCC_WARN_ABOUT_RETURN_TYPE = YES_ERROR;
				GCC_WARN_UNDECLARED_SELECTOR = YES;
				GCC_WARN_UNINITIALIZED_AUTOS = YES_AGGRESSIVE;
				GCC_WARN_UNUSED_FUNCTION = YES;
				GCC_WARN_UNUSED_VARIABLE = YES;
				IPHONEOS_DEPLOYMENT_TARGET = 11.1;
				MTL_ENABLE_DEBUG_INFO = YES;
				ONLY_ACTIVE_ARCH = YES;
				SDKROOT = iphoneos;
				SWIFT_ACTIVE_COMPILATION_CONDITIONS = DEBUG;
				SWIFT_OPTIMIZATION_LEVEL = "-Onone";
			};
			name = Debug;
		};
		3D19D9761FF8E73400B5BB9E /* Release */ = {
			isa = XCBuildConfiguration;
			buildSettings = {
				ALWAYS_SEARCH_USER_PATHS = NO;
				CLANG_ANALYZER_NONNULL = YES;
				CLANG_ANALYZER_NUMBER_OBJECT_CONVERSION = YES_AGGRESSIVE;
				CLANG_CXX_LANGUAGE_STANDARD = "gnu++14";
				CLANG_CXX_LIBRARY = "libc++";
				CLANG_ENABLE_MODULES = YES;
				CLANG_ENABLE_OBJC_ARC = YES;
				CLANG_WARN_BLOCK_CAPTURE_AUTORELEASING = YES;
				CLANG_WARN_BOOL_CONVERSION = YES;
				CLANG_WARN_COMMA = YES;
				CLANG_WARN_CONSTANT_CONVERSION = YES;
				CLANG_WARN_DIRECT_OBJC_ISA_USAGE = YES_ERROR;
				CLANG_WARN_DOCUMENTATION_COMMENTS = YES;
				CLANG_WARN_EMPTY_BODY = YES;
				CLANG_WARN_ENUM_CONVERSION = YES;
				CLANG_WARN_INFINITE_RECURSION = YES;
				CLANG_WARN_INT_CONVERSION = YES;
				CLANG_WARN_NON_LITERAL_NULL_CONVERSION = YES;
				CLANG_WARN_OBJC_LITERAL_CONVERSION = YES;
				CLANG_WARN_OBJC_ROOT_CLASS = YES_ERROR;
				CLANG_WARN_RANGE_LOOP_ANALYSIS = YES;
				CLANG_WARN_STRICT_PROTOTYPES = YES;
				CLANG_WARN_SUSPICIOUS_MOVE = YES;
				CLANG_WARN_UNGUARDED_AVAILABILITY = YES_AGGRESSIVE;
				CLANG_WARN_UNREACHABLE_CODE = YES;
				CLANG_WARN__DUPLICATE_METHOD_MATCH = YES;
				CODE_SIGN_IDENTITY = "iPhone Developer";
				COPY_PHASE_STRIP = NO;
				DEBUG_INFORMATION_FORMAT = "dwarf-with-dsym";
				ENABLE_NS_ASSERTIONS = NO;
				ENABLE_STRICT_OBJC_MSGSEND = YES;
				GCC_C_LANGUAGE_STANDARD = gnu11;
				GCC_NO_COMMON_BLOCKS = YES;
				GCC_WARN_64_TO_32_BIT_CONVERSION = YES;
				GCC_WARN_ABOUT_RETURN_TYPE = YES_ERROR;
				GCC_WARN_UNDECLARED_SELECTOR = YES;
				GCC_WARN_UNINITIALIZED_AUTOS = YES_AGGRESSIVE;
				GCC_WARN_UNUSED_FUNCTION = YES;
				GCC_WARN_UNUSED_VARIABLE = YES;
				IPHONEOS_DEPLOYMENT_TARGET = 11.1;
				MTL_ENABLE_DEBUG_INFO = NO;
				SDKROOT = iphoneos;
				SWIFT_OPTIMIZATION_LEVEL = "-Owholemodule";
				VALIDATE_PRODUCT = YES;
			};
			name = Release;
		};
		3D19D9781FF8E73400B5BB9E /* Debug */ = {
			isa = XCBuildConfiguration;
			buildSettings = {
				ASSETCATALOG_COMPILER_APPICON_NAME = AppIcon;
				CODE_SIGN_STYLE = Automatic;
				INFOPLIST_FILE = "Auto Layout Calculator/Info.plist";
				LD_RUNPATH_SEARCH_PATHS = "$(inherited) @executable_path/Frameworks";
				PRODUCT_BUNDLE_IDENTIFIER = "com.rjmendus.Auto-Layout-Calculator";
				PRODUCT_NAME = "$(TARGET_NAME)";
				SWIFT_VERSION = 4.0;
				TARGETED_DEVICE_FAMILY = "1,2";
			};
			name = Debug;
		};
		3D19D9791FF8E73400B5BB9E /* Release */ = {
			isa = XCBuildConfiguration;
			buildSettings = {
				ASSETCATALOG_COMPILER_APPICON_NAME = AppIcon;
				CODE_SIGN_STYLE = Automatic;
				INFOPLIST_FILE = "Auto Layout Calculator/Info.plist";
				LD_RUNPATH_SEARCH_PATHS = "$(inherited) @executable_path/Frameworks";
				PRODUCT_BUNDLE_IDENTIFIER = "com.rjmendus.Auto-Layout-Calculator";
				PRODUCT_NAME = "$(TARGET_NAME)";
				SWIFT_VERSION = 4.0;
				TARGETED_DEVICE_FAMILY = "1,2";
			};
			name = Release;
		};
		3D19D97B1FF8E73400B5BB9E /* Debug */ = {
			isa = XCBuildConfiguration;
			buildSettings = {
				ALWAYS_EMBED_SWIFT_STANDARD_LIBRARIES = YES;
				BUNDLE_LOADER = "$(TEST_HOST)";
				CODE_SIGN_STYLE = Automatic;
				INFOPLIST_FILE = "Auto Layout CalculatorTests/Info.plist";
				LD_RUNPATH_SEARCH_PATHS = "$(inherited) @executable_path/Frameworks @loader_path/Frameworks";
				PRODUCT_BUNDLE_IDENTIFIER = "com.rjmendus.Auto-Layout-CalculatorTests";
				PRODUCT_NAME = "$(TARGET_NAME)";
				SWIFT_VERSION = 4.0;
				TARGETED_DEVICE_FAMILY = "1,2";
				TEST_HOST = "$(BUILT_PRODUCTS_DIR)/Auto Layout Calculator.app/Auto Layout Calculator";
			};
			name = Debug;
		};
		3D19D97C1FF8E73400B5BB9E /* Release */ = {
			isa = XCBuildConfiguration;
			buildSettings = {
				ALWAYS_EMBED_SWIFT_STANDARD_LIBRARIES = YES;
				BUNDLE_LOADER = "$(TEST_HOST)";
				CODE_SIGN_STYLE = Automatic;
				INFOPLIST_FILE = "Auto Layout CalculatorTests/Info.plist";
				LD_RUNPATH_SEARCH_PATHS = "$(inherited) @executable_path/Frameworks @loader_path/Frameworks";
				PRODUCT_BUNDLE_IDENTIFIER = "com.rjmendus.Auto-Layout-CalculatorTests";
				PRODUCT_NAME = "$(TARGET_NAME)";
				SWIFT_VERSION = 4.0;
				TARGETED_DEVICE_FAMILY = "1,2";
				TEST_HOST = "$(BUILT_PRODUCTS_DIR)/Auto Layout Calculator.app/Auto Layout Calculator";
			};
			name = Release;
		};
		3D19D97E1FF8E73400B5BB9E /* Debug */ = {
			isa = XCBuildConfiguration;
			buildSettings = {
				ALWAYS_EMBED_SWIFT_STANDARD_LIBRARIES = YES;
				CODE_SIGN_STYLE = Automatic;
				INFOPLIST_FILE = "Auto Layout CalculatorUITests/Info.plist";
				LD_RUNPATH_SEARCH_PATHS = "$(inherited) @executable_path/Frameworks @loader_path/Frameworks";
				PRODUCT_BUNDLE_IDENTIFIER = "com.rjmendus.Auto-Layout-CalculatorUITests";
				PRODUCT_NAME = "$(TARGET_NAME)";
				SWIFT_VERSION = 4.0;
				TARGETED_DEVICE_FAMILY = "1,2";
				TEST_TARGET_NAME = "Auto Layout Calculator";
			};
			name = Debug;
		};
		3D19D97F1FF8E73400B5BB9E /* Release */ = {
			isa = XCBuildConfiguration;
			buildSettings = {
				ALWAYS_EMBED_SWIFT_STANDARD_LIBRARIES = YES;
				CODE_SIGN_STYLE = Automatic;
				INFOPLIST_FILE = "Auto Layout CalculatorUITests/Info.plist";
				LD_RUNPATH_SEARCH_PATHS = "$(inherited) @executable_path/Frameworks @loader_path/Frameworks";
				PRODUCT_BUNDLE_IDENTIFIER = "com.rjmendus.Auto-Layout-CalculatorUITests";
				PRODUCT_NAME = "$(TARGET_NAME)";
				SWIFT_VERSION = 4.0;
				TARGETED_DEVICE_FAMILY = "1,2";
				TEST_TARGET_NAME = "Auto Layout Calculator";
			};
			name = Release;
		};
/* End XCBuildConfiguration section */

/* Begin XCConfigurationList section */
		3D19D94A1FF8E73400B5BB9E /* Build configuration list for PBXProject "Auto Layout Calculator" */ = {
			isa = XCConfigurationList;
			buildConfigurations = (
				3D19D9751FF8E73400B5BB9E /* Debug */,
				3D19D9761FF8E73400B5BB9E /* Release */,
			);
			defaultConfigurationIsVisible = 0;
			defaultConfigurationName = Release;
		};
		3D19D9771FF8E73400B5BB9E /* Build configuration list for PBXNativeTarget "Auto Layout Calculator" */ = {
			isa = XCConfigurationList;
			buildConfigurations = (
				3D19D9781FF8E73400B5BB9E /* Debug */,
				3D19D9791FF8E73400B5BB9E /* Release */,
			);
			defaultConfigurationIsVisible = 0;
			defaultConfigurationName = Release;
		};
		3D19D97A1FF8E73400B5BB9E /* Build configuration list for PBXNativeTarget "Auto Layout CalculatorTests" */ = {
			isa = XCConfigurationList;
			buildConfigurations = (
				3D19D97B1FF8E73400B5BB9E /* Debug */,
				3D19D97C1FF8E73400B5BB9E /* Release */,
			);
			defaultConfigurationIsVisible = 0;
			defaultConfigurationName = Release;
		};
		3D19D97D1FF8E73400B5BB9E /* Build configuration list for PBXNativeTarget "Auto Layout CalculatorUITests" */ = {
			isa = XCConfigurationList;
			buildConfigurations = (
				3D19D97E1FF8E73400B5BB9E /* Debug */,
				3D19D97F1FF8E73400B5BB9E /* Release */,
			);
			defaultConfigurationIsVisible = 0;
			defaultConfigurationName = Release;
		};
/* End XCConfigurationList section */
	};
	rootObject = 3D19D9471FF8E73400B5BB9E /* Project object */;
}
